
Microsoft Visual Studio Solution File, Format Version 12.00
# Visual Studio Version 17
VisualStudioVersion = 17.9.34728.123
MinimumVisualStudioVersion = 10.0.40219.1
Project("{9A19103F-16F7-4668-BE54-9A1E7A4F7556}") = "FUMiniHotelSystem", "FUMiniHotelSystem.csproj", "{87550EDD-230B-486C-A481-5F37875421CA}"
EndProject
Project("{FAE04EC0-301F-11D3-BF4B-00C04F79EFBC}") = "BusinessObject", "..\BusinessObject\BusinessObject.csproj", "{ED5308EA-9A06-4B0A-AA5A-A9DAB0B1B827}"
EndProject
Project("{FAE04EC0-301F-11D3-BF4B-00C04F79EFBC}") = "DataAccessLayer", "..\DataAccessLayer\DataAccessLayer.csproj", "{DFD8185C-6B5E-44AC-989D-2DF95733610E}"
EndProject
Project("{FAE04EC0-301F-11D3-BF4B-00C04F79EFBC}") = "Repositories", "..\Repositories\Repositories.csproj", "{3A642FE6-33E5-4A11-B37B-3232CD9B9521}"
EndProject
Project("{FAE04EC0-301F-11D3-BF4B-00C04F79EFBC}") = "Services", "..\Services\Services.csproj", "{60EDE8D3-FA6B-4F52-BE23-DC0297B6CACE}"
EndProject
Global
	GlobalSection(SolutionConfigurationPlatforms) = preSolution
		Debug|Any CPU = Debug|Any CPU
		Release|Any CPU = Release|Any CPU
	EndGlobalSection
	GlobalSection(ProjectConfigurationPlatforms) = postSolution
		{87550EDD-230B-486C-A481-5F37875421CA}.Debug|Any CPU.ActiveCfg = Debug|Any CPU
		{87550EDD-230B-486C-A481-5F37875421CA}.Debug|Any CPU.Build.0 = Debug|Any CPU
		{87550EDD-230B-486C-A481-5F37875421CA}.Release|Any CPU.ActiveCfg = Release|Any CPU
		{87550EDD-230B-486C-A481-5F37875421CA}.Release|Any CPU.Build.0 = Release|Any CPU
		{ED5308EA-9A06-4B0A-AA5A-A9DAB0B1B827}.Debug|Any CPU.ActiveCfg = Debug|Any CPU
		{ED5308EA-9A06-4B0A-AA5A-A9DAB0B1B827}.Debug|Any CPU.Build.0 = Debug|Any CPU
		{ED5308EA-9A06-4B0A-AA5A-A9DAB0B1B827}.Release|Any CPU.ActiveCfg = Release|Any CPU
		{ED5308EA-9A06-4B0A-AA5A-A9DAB0B1B827}.Release|Any CPU.Build.0 = Release|Any CPU
		{DFD8185C-6B5E-44AC-989D-2DF95733610E}.Debug|Any CPU.ActiveCfg = Debug|Any CPU
		{DFD8185C-6B5E-44AC-989D-2DF95733610E}.Debug|Any CPU.Build.0 = Debug|Any CPU
		{DFD8185C-6B5E-44AC-989D-2DF95733610E}.Release|Any CPU.ActiveCfg = Release|Any CPU
		{DFD8185C-6B5E-44AC-989D-2DF95733610E}.Release|Any CPU.Build.0 = Release|Any CPU
		{3A642FE6-33E5-4A11-B37B-3232CD9B9521}.Debug|Any CPU.ActiveCfg = Debug|Any CPU
		{3A642FE6-33E5-4A11-B37B-3232CD9B9521}.Debug|Any CPU.Build.0 = Debug|Any CPU
		{3A642FE6-33E5-4A11-B37B-3232CD9B9521}.Release|Any CPU.ActiveCfg = Release|Any CPU
		{3A642FE6-33E5-4A11-B37B-3232CD9B9521}.Release|Any CPU.Build.0 = Release|Any CPU
		{60EDE8D3-FA6B-4F52-BE23-DC0297B6CACE}.Debug|Any CPU.ActiveCfg = Debug|Any CPU
		{60EDE8D3-FA6B-4F52-BE23-DC0297B6CACE}.Debug|Any CPU.Build.0 = Debug|Any CPU
		{60EDE8D3-FA6B-4F52-BE23-DC0297B6CACE}.Release|Any CPU.ActiveCfg = Release|Any CPU
		{60EDE8D3-FA6B-4F52-BE23-DC0297B6CACE}.Release|Any CPU.Build.0 = Release|Any CPU
	EndGlobalSection
	GlobalSection(SolutionProperties) = preSolution
		HideSolutionNode = FALSE
	EndGlobalSection
	GlobalSection(ExtensibilityGlobals) = postSolution
		SolutionGuid = {D4AB43FE-D22A-4EC6-B67F-72A79FFD5813}
	EndGlobalSection
EndGlobal
